{
  "name": "seventh-website-project",
  "version": "1.0.0",
  "lockfileVersion": 2,
  "requires": true,
  "packages": {
    "": {
      "name": "seventh-website-project",
      "version": "1.0.0",
      "license": "MIT",
      "dependencies": {
        "pollen-css": "^2.0.1"
      }
    },
    "node_modules/balanced-match": {
      "version": "1.0.2",
      "resolved": "https://registry.npmjs.org/balanced-match/-/balanced-match-1.0.2.tgz",
      "integrity": "sha512-3oSeUO0TMV67hN1AmbXsK4yaqU7tjiHlbxRDZOpH0KW9+CeX4bRAaX0Anxt0tx2MrpRpWwQaPwIlISEJhYU5Pw=="
    },
    "node_modules/css-vars-ponyfill": {
      "version": "2.4.6",
      "resolved": "https://registry.npmjs.org/css-vars-ponyfill/-/css-vars-ponyfill-2.4.6.tgz",
      "integrity": "sha512-FqUFzMlI5jpPl73R9FrUuittWM/t7RDEnyp0603MCNEy6PI/1PALIX1d15cui6UAN/V8tnIWZDMz6WoZD87eGQ==",
      "dependencies": {
        "balanced-match": "^1.0.2",
        "get-css-data": "^2.0.2"
      }
    },
    "node_modules/get-css-data": {
      "version": "2.0.2",
      "resolved": "https://registry.npmjs.org/get-css-data/-/get-css-data-2.0.2.tgz",
      "integrity": "sha512-pYqg80/7u/MdBrrAQj2OIoZ08TxEnvCHyU5WFnPxxS/D0S8OpUTkqGFRzn8bO38DmtCuYBpR9VMCen78BL4jiQ=="
    },
    "node_modules/pollen-css": {
      "version": "2.0.1",
      "resolved": "https://registry.npmjs.org/pollen-css/-/pollen-css-2.0.1.tgz",
      "integrity": "sha512-NXy1bgmV0fwyv2lxdK9pWJw3qh72w8LA3/d2rYneVwUvPgZ2NuNqaYr3wthQHrjlTu1B0wJezsXa36b7Mw4xBw==",
      "dependencies": {
        "css-vars-ponyfill": "^2.3.1"
      }
    }
  },
  "dependencies": {
    "balanced-match": {
      "version": "1.0.2",
      "resolved": "https://registry.npmjs.org/balanced-match/-/balanced-match-1.0.2.tgz",
      "integrity": "sha512-3oSeUO0TMV67hN1AmbXsK4yaqU7tjiHlbxRDZOpH0KW9+CeX4bRAaX0Anxt0tx2MrpRpWwQaPwIlISEJhYU5Pw=="
    },
    "css-vars-ponyfill": {
      "version": "2.4.6",
      "resolved": "https://registry.npmjs.org/css-vars-ponyfill/-/css-vars-ponyfill-2.4.6.tgz",
      "integrity": "sha512-FqUFzMlI5jpPl73R9FrUuittWM/t7RDEnyp0603MCNEy6PI/1PALIX1d15cui6UAN/V8tnIWZDMz6WoZD87eGQ==",
      "requires": {
        "balanced-match": "^1.0.2",
        "get-css-data": "^2.0.2"
      }
    },
    "get-css-data": {
      "version": "2.0.2",
      "resolved": "https://registry.npmjs.org/get-css-data/-/get-css-data-2.0.2.tgz",
      "integrity": "sha512-pYqg80/7u/MdBrrAQj2OIoZ08TxEnvCHyU5WFnPxxS/D0S8OpUTkqGFRzn8bO38DmtCuYBpR9VMCen78BL4jiQ=="
    },
    "pollen-css": {
      "version": "2.0.1",
      "resolved": "https://registry.npmjs.org/pollen-css/-/pollen-css-2.0.1.tgz",
      "integrity": "sha512-NXy1bgmV0fwyv2lxdK9pWJw3qh72w8LA3/d2rYneVwUvPgZ2NuNqaYr3wthQHrjlTu1B0wJezsXa36b7Mw4xBw==",
      "requires": {
        "css-vars-ponyfill": "^2.3.1"
      }
    }
  }
}
